
Microsoft Visual Studio Solution File, Format Version 12.00
# Visual Studio Version 16
VisualStudioVersion = 16.0.30114.105
MinimumVisualStudioVersion = 10.0.40219.1
Project("{FAE04EC0-301F-11D3-BF4B-00C04F79EFBC}") = "Movies.API", "Movies.API\Movies.API.csproj", "{B35268E3-261B-486E-A290-AF3CB4AE39D4}"
EndProject
Project("{FAE04EC0-301F-11D3-BF4B-00C04F79EFBC}") = "IdentityServer", "IdentityServer\IdentityServer.csproj", "{7242560F-3F11-4212-B700-B64ED9C3D7E5}"
EndProject
Project("{FAE04EC0-301F-11D3-BF4B-00C04F79EFBC}") = "Movies.Client", "Movies.Client\Movies.Client.csproj", "{15FF9D7D-2347-4E83-9B8A-A7A18D4F6D23}"
EndProject
Global
	GlobalSection(SolutionConfigurationPlatforms) = preSolution
		Debug|Any CPU = Debug|Any CPU
		Release|Any CPU = Release|Any CPU
	EndGlobalSection
	GlobalSection(SolutionProperties) = preSolution
		HideSolutionNode = FALSE
	EndGlobalSection
	GlobalSection(ProjectConfigurationPlatforms) = postSolution
		{B35268E3-261B-486E-A290-AF3CB4AE39D4}.Debug|Any CPU.ActiveCfg = Debug|Any CPU
		{B35268E3-261B-486E-A290-AF3CB4AE39D4}.Debug|Any CPU.Build.0 = Debug|Any CPU
		{B35268E3-261B-486E-A290-AF3CB4AE39D4}.Release|Any CPU.ActiveCfg = Release|Any CPU
		{B35268E3-261B-486E-A290-AF3CB4AE39D4}.Release|Any CPU.Build.0 = Release|Any CPU
		{7242560F-3F11-4212-B700-B64ED9C3D7E5}.Debug|Any CPU.ActiveCfg = Debug|Any CPU
		{7242560F-3F11-4212-B700-B64ED9C3D7E5}.Debug|Any CPU.Build.0 = Debug|Any CPU
		{7242560F-3F11-4212-B700-B64ED9C3D7E5}.Release|Any CPU.ActiveCfg = Release|Any CPU
		{7242560F-3F11-4212-B700-B64ED9C3D7E5}.Release|Any CPU.Build.0 = Release|Any CPU
		{15FF9D7D-2347-4E83-9B8A-A7A18D4F6D23}.Debug|Any CPU.ActiveCfg = Debug|Any CPU
		{15FF9D7D-2347-4E83-9B8A-A7A18D4F6D23}.Debug|Any CPU.Build.0 = Debug|Any CPU
		{15FF9D7D-2347-4E83-9B8A-A7A18D4F6D23}.Release|Any CPU.ActiveCfg = Release|Any CPU
		{15FF9D7D-2347-4E83-9B8A-A7A18D4F6D23}.Release|Any CPU.Build.0 = Release|Any CPU
	EndGlobalSection
EndGlobal
